
Microsoft Visual Studio Solution File, Format Version 12.00
# Visual Studio 15
VisualStudioVersion = 15.0.27428.2015
MinimumVisualStudioVersion = 10.0.40219.1
Project("{FAE04EC0-301F-11D3-BF4B-00C04F79EFBC}") = "EFMysqlFrameWork", "EFMysqlFrameWork\EFMysqlFrameWork.csproj", "{D230BAB3-B182-43D2-9046-87DD9D6834C5}"
EndProject
Project("{FAE04EC0-301F-11D3-BF4B-00C04F79EFBC}") = "EFMysqlNetCode", "EFMysqlNetCode\EFMysqlNetCode.csproj", "{ADDDB1A5-3CF4-4E1B-BDAE-56929D63ED5B}"
EndProject
Project("{FAE04EC0-301F-11D3-BF4B-00C04F79EFBC}") = "EFMysqlNetCodeMvc", "EFMysqlNetCodeMvc\EFMysqlNetCodeMvc.csproj", "{D3FC891C-028E-4059-A6B4-E8FDB550F1CC}"
EndProject
Global
	GlobalSection(SolutionConfigurationPlatforms) = preSolution
		Debug|Any CPU = Debug|Any CPU
		Release|Any CPU = Release|Any CPU
	EndGlobalSection
	GlobalSection(ProjectConfigurationPlatforms) = postSolution
		{D230BAB3-B182-43D2-9046-87DD9D6834C5}.Debug|Any CPU.ActiveCfg = Debug|Any CPU
		{D230BAB3-B182-43D2-9046-87DD9D6834C5}.Debug|Any CPU.Build.0 = Debug|Any CPU
		{D230BAB3-B182-43D2-9046-87DD9D6834C5}.Release|Any CPU.ActiveCfg = Release|Any CPU
		{D230BAB3-B182-43D2-9046-87DD9D6834C5}.Release|Any CPU.Build.0 = Release|Any CPU
		{ADDDB1A5-3CF4-4E1B-BDAE-56929D63ED5B}.Debug|Any CPU.ActiveCfg = Debug|Any CPU
		{ADDDB1A5-3CF4-4E1B-BDAE-56929D63ED5B}.Debug|Any CPU.Build.0 = Debug|Any CPU
		{ADDDB1A5-3CF4-4E1B-BDAE-56929D63ED5B}.Release|Any CPU.ActiveCfg = Release|Any CPU
		{ADDDB1A5-3CF4-4E1B-BDAE-56929D63ED5B}.Release|Any CPU.Build.0 = Release|Any CPU
		{D3FC891C-028E-4059-A6B4-E8FDB550F1CC}.Debug|Any CPU.ActiveCfg = Debug|Any CPU
		{D3FC891C-028E-4059-A6B4-E8FDB550F1CC}.Debug|Any CPU.Build.0 = Debug|Any CPU
		{D3FC891C-028E-4059-A6B4-E8FDB550F1CC}.Release|Any CPU.ActiveCfg = Release|Any CPU
		{D3FC891C-028E-4059-A6B4-E8FDB550F1CC}.Release|Any CPU.Build.0 = Release|Any CPU
	EndGlobalSection
	GlobalSection(SolutionProperties) = preSolution
		HideSolutionNode = FALSE
	EndGlobalSection
	GlobalSection(ExtensibilityGlobals) = postSolution
		SolutionGuid = {122676E8-0AD2-4448-B6C1-2F169B136A3F}
	EndGlobalSection
EndGlobal
